{
  "name": "git-quick-cli",
  "version": "1.1.1",
  "lockfileVersion": 3,
  "requires": true,
  "packages": {
    "": {
      "name": "git-quick-cli",
      "version": "1.1.1",
      "cpu": [
        "x64",
        "arm64"
      ],
      "hasInstallScript": true,
      "license": "MIT",
      "os": [
        "darwin",
        "linux",
        "win32"
      ],
      "bin": {
        "git-quick": "bin/git-quick.js",
        "gq": "bin/git-quick.js"
      },
      "engines": {
        "node": ">=14.0.0"
      }
    }
  }
}
